# This file is automatically @generated by Cargo.
# It is not intended for manual editing.
version = 3

[[package]]
name = "raytracer"
version = "0.1.0"
dependencies = [
 "raytracer-image-renderer",
]

[[package]]
name = "raytracer-core"
version = "0.0.0"

[[package]]
name = "raytracer-image-renderer"
version = "0.0.0"
dependencies = [
 "raytracer-core",
]
